// !$*UTF8*$!
{
	archiveVersion = 1;
	classes = {
	};
	objectVersion = 46;
	objects = {

/* Begin PBXBuildFile section */
		023F06B11A86947D003C6A2A /* battery_full.png in Resources */ = {isa = PBXBuildFile; fileRef = 023F06AB1A86947D003C6A2A /* battery_full.png */; };
		023F06B21A86947D003C6A2A /* reception_1.png in Resources */ = {isa = PBXBuildFile; fileRef = 023F06AC1A86947D003C6A2A /* reception_1.png */; };
		023F06B31A86947D003C6A2A /* reception_2.png in Resources */ = {isa = PBXBuildFile; fileRef = 023F06AD1A86947D003C6A2A /* reception_2.png */; };
		023F06B41A86947D003C6A2A /* reception_3.png in Resources */ = {isa = PBXBuildFile; fileRef = 023F06AE1A86947D003C6A2A /* reception_3.png */; };
		023F06B51A86947D003C6A2A /* reception_4.png in Resources */ = {isa = PBXBuildFile; fileRef = 023F06AF1A86947D003C6A2A /* reception_4.png */; };
		023F06B61A86947D003C6A2A /* reception_5.png in Resources */ = {isa = PBXBuildFile; fileRef = 023F06B01A86947D003C6A2A /* reception_5.png */; };
		023F06BF1A869E4C003C6A2A /* carrier_att.png in Resources */ = {isa = PBXBuildFile; fileRef = 023F06B71A869E4C003C6A2A /* carrier_att.png */; };
		023F06C01A869E4C003C6A2A /* carrier_bell.png in Resources */ = {isa = PBXBuildFile; fileRef = 023F06B81A869E4C003C6A2A /* carrier_bell.png */; };
		023F06C11A869E4C003C6A2A /* carrier_boost.png in Resources */ = {isa = PBXBuildFile; fileRef = 023F06B91A869E4C003C6A2A /* carrier_boost.png */; };
		023F06C21A869E4C003C6A2A /* carrier_cia.png in Resources */ = {isa = PBXBuildFile; fileRef = 023F06BA1A869E4C003C6A2A /* carrier_cia.png */; };
		023F06C31A869E4C003C6A2A /* carrier_metropcs.png in Resources */ = {isa = PBXBuildFile; fileRef = 023F06BB1A869E4C003C6A2A /* carrier_metropcs.png */; };
		023F06C41A869E4C003C6A2A /* carrier_sprint.png in Resources */ = {isa = PBXBuildFile; fileRef = 023F06BC1A869E4C003C6A2A /* carrier_sprint.png */; };
		023F06C51A869E4C003C6A2A /* carrier_tmobile.png in Resources */ = {isa = PBXBuildFile; fileRef = 023F06BD1A869E4C003C6A2A /* carrier_tmobile.png */; };
		023F06C61A869E4C003C6A2A /* carrier_verizon.png in Resources */ = {isa = PBXBuildFile; fileRef = 023F06BE1A869E4C003C6A2A /* carrier_verizon.png */; };
		0250F2B01A86C88200B92382 /* battery_empty.png in Resources */ = {isa = PBXBuildFile; fileRef = 0250F2AF1A86C88200B92382 /* battery_empty.png */; };
		0250F2B51A86D63A00B92382 /* gmailNotification.png in Resources */ = {isa = PBXBuildFile; fileRef = 0250F2B11A86D63A00B92382 /* gmailNotification.png */; };
		0250F2B61A86D63A00B92382 /* okcNotification.png in Resources */ = {isa = PBXBuildFile; fileRef = 0250F2B21A86D63A00B92382 /* okcNotification.png */; };
		0250F2B71A86D63A00B92382 /* tinderNotification.png in Resources */ = {isa = PBXBuildFile; fileRef = 0250F2B31A86D63A00B92382 /* tinderNotification.png */; };
		0250F2B81A86D63A00B92382 /* twitterNotification.png in Resources */ = {isa = PBXBuildFile; fileRef = 0250F2B41A86D63A00B92382 /* twitterNotification.png */; };
		82A7E8F41A85DE3D008A1581 /* main.m in Sources */ = {isa = PBXBuildFile; fileRef = 82A7E8F31A85DE3D008A1581 /* main.m */; };
		82A7E8F71A85DE3D008A1581 /* AppDelegate.m in Sources */ = {isa = PBXBuildFile; fileRef = 82A7E8F61A85DE3D008A1581 /* AppDelegate.m */; };
		82A7E8FA1A85DE3D008A1581 /* MasterViewController.m in Sources */ = {isa = PBXBuildFile; fileRef = 82A7E8F91A85DE3D008A1581 /* MasterViewController.m */; };
		82A7E9001A85DE3E008A1581 /* Main.storyboard in Resources */ = {isa = PBXBuildFile; fileRef = 82A7E8FE1A85DE3E008A1581 /* Main.storyboard */; };
		82A7E9021A85DE3E008A1581 /* Images.xcassets in Resources */ = {isa = PBXBuildFile; fileRef = 82A7E9011A85DE3E008A1581 /* Images.xcassets */; };
		82A7E9051A85DE3E008A1581 /* LaunchScreen.xib in Resources */ = {isa = PBXBuildFile; fileRef = 82A7E9031A85DE3E008A1581 /* LaunchScreen.xib */; };
		82A7E9111A85DE3E008A1581 /* ScreenShopTests.m in Sources */ = {isa = PBXBuildFile; fileRef = 82A7E9101A85DE3E008A1581 /* ScreenShopTests.m */; };
		82A7E91B1A85E70C008A1581 /* fakeiphonemessage.png in Resources */ = {isa = PBXBuildFile; fileRef = 82A7E91A1A85E70C008A1581 /* fakeiphonemessage.png */; };
		82A7E9221A85F638008A1581 /* ControlCollectionViewCell.m in Sources */ = {isa = PBXBuildFile; fileRef = 82A7E9201A85F638008A1581 /* ControlCollectionViewCell.m */; };
		82A7E9231A85F638008A1581 /* ControlCollectionViewCell.xib in Resources */ = {isa = PBXBuildFile; fileRef = 82A7E9211A85F638008A1581 /* ControlCollectionViewCell.xib */; };
		82A7E94C1A869B7F008A1581 /* AbstractActionSheetPicker.m in Sources */ = {isa = PBXBuildFile; fileRef = 82A7E9401A869B7F008A1581 /* AbstractActionSheetPicker.m */; };
		82A7E94D1A869B7F008A1581 /* ActionSheetCustomPicker.m in Sources */ = {isa = PBXBuildFile; fileRef = 82A7E9421A869B7F008A1581 /* ActionSheetCustomPicker.m */; };
		82A7E94E1A869B7F008A1581 /* ActionSheetDatePicker.m in Sources */ = {isa = PBXBuildFile; fileRef = 82A7E9451A869B7F008A1581 /* ActionSheetDatePicker.m */; };
		82A7E94F1A869B7F008A1581 /* ActionSheetDistancePicker.m in Sources */ = {isa = PBXBuildFile; fileRef = 82A7E9471A869B7F008A1581 /* ActionSheetDistancePicker.m */; };
		82A7E9501A869B7F008A1581 /* ActionSheetLocalePicker.m in Sources */ = {isa = PBXBuildFile; fileRef = 82A7E9491A869B7F008A1581 /* ActionSheetLocalePicker.m */; };
		82A7E9511A869B7F008A1581 /* ActionSheetStringPicker.m in Sources */ = {isa = PBXBuildFile; fileRef = 82A7E94B1A869B7F008A1581 /* ActionSheetStringPicker.m */; };
		82A7E9541A869B8B008A1581 /* SWActionSheet.m in Sources */ = {isa = PBXBuildFile; fileRef = 82A7E9531A869B8B008A1581 /* SWActionSheet.m */; };
		82A7E9581A869BBA008A1581 /* DistancePickerView.m in Sources */ = {isa = PBXBuildFile; fileRef = 82A7E9571A869BBA008A1581 /* DistancePickerView.m */; };
		82A7E95A1A86ACD8008A1581 /* fade-iphone.png in Resources */ = {isa = PBXBuildFile; fileRef = 82A7E9591A86ACD8008A1581 /* fade-iphone.png */; };
		82A7E95F1A86CCBE008A1581 /* screenshop-01.png in Resources */ = {isa = PBXBuildFile; fileRef = 82A7E95B1A86CCBE008A1581 /* screenshop-01.png */; };
		82A7E9601A86CCBE008A1581 /* screenshop-02.png in Resources */ = {isa = PBXBuildFile; fileRef = 82A7E95C1A86CCBE008A1581 /* screenshop-02.png */; };
		82A7E9611A86CCBE008A1581 /* screenshop-03.png in Resources */ = {isa = PBXBuildFile; fileRef = 82A7E95D1A86CCBE008A1581 /* screenshop-03.png */; };
		82A7E9621A86CCBE008A1581 /* screenshop-04.png in Resources */ = {isa = PBXBuildFile; fileRef = 82A7E95E1A86CCBE008A1581 /* screenshop-04.png */; };
		82A7E9641A86CCC7008A1581 /* screenshop_logo-05.png in Resources */ = {isa = PBXBuildFile; fileRef = 82A7E9631A86CCC7008A1581 /* screenshop_logo-05.png */; };
		82A7E9661A86CCCD008A1581 /* shadow-06.png in Resources */ = {isa = PBXBuildFile; fileRef = 82A7E9651A86CCCD008A1581 /* shadow-06.png */; };
/* End PBXBuildFile section */

/* Begin PBXContainerItemProxy section */
		82A7E90B1A85DE3E008A1581 /* PBXContainerItemProxy */ = {
			isa = PBXContainerItemProxy;
			containerPortal = 82A7E8E61A85DE3D008A1581 /* Project object */;
			proxyType = 1;
			remoteGlobalIDString = 82A7E8ED1A85DE3D008A1581;
			remoteInfo = ScreenShop;
		};
/* End PBXContainerItemProxy section */

/* Begin PBXFileReference section */
		023F06AB1A86947D003C6A2A /* battery_full.png */ = {isa = PBXFileReference; lastKnownFileType = image.png; path = battery_full.png; sourceTree = "<group>"; };
		023F06AC1A86947D003C6A2A /* reception_1.png */ = {isa = PBXFileReference; lastKnownFileType = image.png; path = reception_1.png; sourceTree = "<group>"; };
		023F06AD1A86947D003C6A2A /* reception_2.png */ = {isa = PBXFileReference; lastKnownFileType = image.png; path = reception_2.png; sourceTree = "<group>"; };
		023F06AE1A86947D003C6A2A /* reception_3.png */ = {isa = PBXFileReference; lastKnownFileType = image.png; path = reception_3.png; sourceTree = "<group>"; };
		023F06AF1A86947D003C6A2A /* reception_4.png */ = {isa = PBXFileReference; lastKnownFileType = image.png; path = reception_4.png; sourceTree = "<group>"; };
		023F06B01A86947D003C6A2A /* reception_5.png */ = {isa = PBXFileReference; lastKnownFileType = image.png; path = reception_5.png; sourceTree = "<group>"; };
		023F06B71A869E4C003C6A2A /* carrier_att.png */ = {isa = PBXFileReference; lastKnownFileType = image.png; path = carrier_att.png; sourceTree = "<group>"; };
		023F06B81A869E4C003C6A2A /* carrier_bell.png */ = {isa = PBXFileReference; lastKnownFileType = image.png; path = carrier_bell.png; sourceTree = "<group>"; };
		023F06B91A869E4C003C6A2A /* carrier_boost.png */ = {isa = PBXFileReference; lastKnownFileType = image.png; path = carrier_boost.png; sourceTree = "<group>"; };
		023F06BA1A869E4C003C6A2A /* carrier_cia.png */ = {isa = PBXFileReference; lastKnownFileType = image.png; path = carrier_cia.png; sourceTree = "<group>"; };
		023F06BB1A869E4C003C6A2A /* carrier_metropcs.png */ = {isa = PBXFileReference; lastKnownFileType = image.png; path = carrier_metropcs.png; sourceTree = "<group>"; };
		023F06BC1A869E4C003C6A2A /* carrier_sprint.png */ = {isa = PBXFileReference; lastKnownFileType = image.png; path = carrier_sprint.png; sourceTree = "<group>"; };
		023F06BD1A869E4C003C6A2A /* carrier_tmobile.png */ = {isa = PBXFileReference; lastKnownFileType = image.png; path = carrier_tmobile.png; sourceTree = "<group>"; };
		023F06BE1A869E4C003C6A2A /* carrier_verizon.png */ = {isa = PBXFileReference; lastKnownFileType = image.png; path = carrier_verizon.png; sourceTree = "<group>"; };
		0250F2AF1A86C88200B92382 /* battery_empty.png */ = {isa = PBXFileReference; lastKnownFileType = image.png; path = battery_empty.png; sourceTree = "<group>"; };
		0250F2B11A86D63A00B92382 /* gmailNotification.png */ = {isa = PBXFileReference; lastKnownFileType = image.png; path = gmailNotification.png; sourceTree = "<group>"; };
		0250F2B21A86D63A00B92382 /* okcNotification.png */ = {isa = PBXFileReference; lastKnownFileType = image.png; path = okcNotification.png; sourceTree = "<group>"; };
		0250F2B31A86D63A00B92382 /* tinderNotification.png */ = {isa = PBXFileReference; lastKnownFileType = image.png; path = tinderNotification.png; sourceTree = "<group>"; };
		0250F2B41A86D63A00B92382 /* twitterNotification.png */ = {isa = PBXFileReference; lastKnownFileType = image.png; path = twitterNotification.png; sourceTree = "<group>"; };
		82A7E8EE1A85DE3D008A1581 /* ScreenShop.app */ = {isa = PBXFileReference; explicitFileType = wrapper.application; includeInIndex = 0; path = ScreenShop.app; sourceTree = BUILT_PRODUCTS_DIR; };
		82A7E8F21A85DE3D008A1581 /* Info.plist */ = {isa = PBXFileReference; lastKnownFileType = text.plist.xml; path = Info.plist; sourceTree = "<group>"; };
		82A7E8F31A85DE3D008A1581 /* main.m */ = {isa = PBXFileReference; lastKnownFileType = sourcecode.c.objc; path = main.m; sourceTree = "<group>"; };
		82A7E8F51A85DE3D008A1581 /* AppDelegate.h */ = {isa = PBXFileReference; lastKnownFileType = sourcecode.c.h; path = AppDelegate.h; sourceTree = "<group>"; };
		82A7E8F61A85DE3D008A1581 /* AppDelegate.m */ = {isa = PBXFileReference; lastKnownFileType = sourcecode.c.objc; path = AppDelegate.m; sourceTree = "<group>"; };
		82A7E8F81A85DE3D008A1581 /* MasterViewController.h */ = {isa = PBXFileReference; lastKnownFileType = sourcecode.c.h; path = MasterViewController.h; sourceTree = "<group>"; };
		82A7E8F91A85DE3D008A1581 /* MasterViewController.m */ = {isa = PBXFileReference; lastKnownFileType = sourcecode.c.objc; path = MasterViewController.m; sourceTree = "<group>"; };
		82A7E8FF1A85DE3E008A1581 /* Base */ = {isa = PBXFileReference; lastKnownFileType = file.storyboard; name = Base; path = Base.lproj/Main.storyboard; sourceTree = "<group>"; };
		82A7E9011A85DE3E008A1581 /* Images.xcassets */ = {isa = PBXFileReference; lastKnownFileType = folder.assetcatalog; path = Images.xcassets; sourceTree = "<group>"; };
		82A7E9041A85DE3E008A1581 /* Base */ = {isa = PBXFileReference; lastKnownFileType = file.xib; name = Base; path = Base.lproj/LaunchScreen.xib; sourceTree = "<group>"; };
		82A7E90A1A85DE3E008A1581 /* ScreenShopTests.xctest */ = {isa = PBXFileReference; explicitFileType = wrapper.cfbundle; includeInIndex = 0; path = ScreenShopTests.xctest; sourceTree = BUILT_PRODUCTS_DIR; };
		82A7E90F1A85DE3E008A1581 /* Info.plist */ = {isa = PBXFileReference; lastKnownFileType = text.plist.xml; path = Info.plist; sourceTree = "<group>"; };
		82A7E9101A85DE3E008A1581 /* ScreenShopTests.m */ = {isa = PBXFileReference; lastKnownFileType = sourcecode.c.objc; path = ScreenShopTests.m; sourceTree = "<group>"; };
		82A7E91A1A85E70C008A1581 /* fakeiphonemessage.png */ = {isa = PBXFileReference; lastKnownFileType = image.png; name = fakeiphonemessage.png; path = ../fakeiphonemessage.png; sourceTree = "<group>"; };
		82A7E91F1A85F638008A1581 /* ControlCollectionViewCell.h */ = {isa = PBXFileReference; fileEncoding = 4; lastKnownFileType = sourcecode.c.h; name = ControlCollectionViewCell.h; path = ../ControlCollectionViewCell.h; sourceTree = "<group>"; };
		82A7E9201A85F638008A1581 /* ControlCollectionViewCell.m */ = {isa = PBXFileReference; fileEncoding = 4; lastKnownFileType = sourcecode.c.objc; name = ControlCollectionViewCell.m; path = ../ControlCollectionViewCell.m; sourceTree = "<group>"; };
		82A7E9211A85F638008A1581 /* ControlCollectionViewCell.xib */ = {isa = PBXFileReference; fileEncoding = 4; lastKnownFileType = file.xib; name = ControlCollectionViewCell.xib; path = ../ControlCollectionViewCell.xib; sourceTree = "<group>"; };
		82A7E93F1A869B7F008A1581 /* AbstractActionSheetPicker.h */ = {isa = PBXFileReference; fileEncoding = 4; lastKnownFileType = sourcecode.c.h; path = AbstractActionSheetPicker.h; sourceTree = "<group>"; };
		82A7E9401A869B7F008A1581 /* AbstractActionSheetPicker.m */ = {isa = PBXFileReference; fileEncoding = 4; lastKnownFileType = sourcecode.c.objc; path = AbstractActionSheetPicker.m; sourceTree = "<group>"; };
		82A7E9411A869B7F008A1581 /* ActionSheetCustomPicker.h */ = {isa = PBXFileReference; fileEncoding = 4; lastKnownFileType = sourcecode.c.h; path = ActionSheetCustomPicker.h; sourceTree = "<group>"; };
		82A7E9421A869B7F008A1581 /* ActionSheetCustomPicker.m */ = {isa = PBXFileReference; fileEncoding = 4; lastKnownFileType = sourcecode.c.objc; path = ActionSheetCustomPicker.m; sourceTree = "<group>"; };
		82A7E9431A869B7F008A1581 /* ActionSheetCustomPickerDelegate.h */ = {isa = PBXFileReference; fileEncoding = 4; lastKnownFileType = sourcecode.c.h; path = ActionSheetCustomPickerDelegate.h; sourceTree = "<group>"; };
		82A7E9441A869B7F008A1581 /* ActionSheetDatePicker.h */ = {isa = PBXFileReference; fileEncoding = 4; lastKnownFileType = sourcecode.c.h; path = ActionSheetDatePicker.h; sourceTree = "<group>"; };
		82A7E9451A869B7F008A1581 /* ActionSheetDatePicker.m */ = {isa = PBXFileReference; fileEncoding = 4; lastKnownFileType = sourcecode.c.objc; path = ActionSheetDatePicker.m; sourceTree = "<group>"; };
		82A7E9461A869B7F008A1581 /* ActionSheetDistancePicker.h */ = {isa = PBXFileReference; fileEncoding = 4; lastKnownFileType = sourcecode.c.h; path = ActionSheetDistancePicker.h; sourceTree = "<group>"; };
		82A7E9471A869B7F008A1581 /* ActionSheetDistancePicker.m */ = {isa = PBXFileReference; fileEncoding = 4; lastKnownFileType = sourcecode.c.objc; path = ActionSheetDistancePicker.m; sourceTree = "<group>"; };
		82A7E9481A869B7F008A1581 /* ActionSheetLocalePicker.h */ = {isa = PBXFileReference; fileEncoding = 4; lastKnownFileType = sourcecode.c.h; path = ActionSheetLocalePicker.h; sourceTree = "<group>"; };
		82A7E9491A869B7F008A1581 /* ActionSheetLocalePicker.m */ = {isa = PBXFileReference; fileEncoding = 4; lastKnownFileType = sourcecode.c.objc; path = ActionSheetLocalePicker.m; sourceTree = "<group>"; };
		82A7E94A1A869B7F008A1581 /* ActionSheetStringPicker.h */ = {isa = PBXFileReference; fileEncoding = 4; lastKnownFileType = sourcecode.c.h; path = ActionSheetStringPicker.h; sourceTree = "<group>"; };
		82A7E94B1A869B7F008A1581 /* ActionSheetStringPicker.m */ = {isa = PBXFileReference; fileEncoding = 4; lastKnownFileType = sourcecode.c.objc; path = ActionSheetStringPicker.m; sourceTree = "<group>"; };
		82A7E9521A869B8B008A1581 /* SWActionSheet.h */ = {isa = PBXFileReference; fileEncoding = 4; lastKnownFileType = sourcecode.c.h; path = SWActionSheet.h; sourceTree = "<group>"; };
		82A7E9531A869B8B008A1581 /* SWActionSheet.m */ = {isa = PBXFileReference; fileEncoding = 4; lastKnownFileType = sourcecode.c.objc; path = SWActionSheet.m; sourceTree = "<group>"; };
		82A7E9561A869BBA008A1581 /* DistancePickerView.h */ = {isa = PBXFileReference; fileEncoding = 4; lastKnownFileType = sourcecode.c.h; path = DistancePickerView.h; sourceTree = "<group>"; };
		82A7E9571A869BBA008A1581 /* DistancePickerView.m */ = {isa = PBXFileReference; fileEncoding = 4; lastKnownFileType = sourcecode.c.objc; path = DistancePickerView.m; sourceTree = "<group>"; };
		82A7E9591A86ACD8008A1581 /* fade-iphone.png */ = {isa = PBXFileReference; lastKnownFileType = image.png; path = "fade-iphone.png"; sourceTree = "<group>"; };
		82A7E95B1A86CCBE008A1581 /* screenshop-01.png */ = {isa = PBXFileReference; lastKnownFileType = image.png; path = "screenshop-01.png"; sourceTree = "<group>"; };
		82A7E95C1A86CCBE008A1581 /* screenshop-02.png */ = {isa = PBXFileReference; lastKnownFileType = image.png; path = "screenshop-02.png"; sourceTree = "<group>"; };
		82A7E95D1A86CCBE008A1581 /* screenshop-03.png */ = {isa = PBXFileReference; lastKnownFileType = image.png; path = "screenshop-03.png"; sourceTree = "<group>"; };
		82A7E95E1A86CCBE008A1581 /* screenshop-04.png */ = {isa = PBXFileReference; lastKnownFileType = image.png; path = "screenshop-04.png"; sourceTree = "<group>"; };
		82A7E9631A86CCC7008A1581 /* screenshop_logo-05.png */ = {isa = PBXFileReference; lastKnownFileType = image.png; path = "screenshop_logo-05.png"; sourceTree = "<group>"; };
		82A7E9651A86CCCD008A1581 /* shadow-06.png */ = {isa = PBXFileReference; lastKnownFileType = image.png; path = "shadow-06.png"; sourceTree = "<group>"; };
/* End PBXFileReference section */

/* Begin PBXFrameworksBuildPhase section */
		82A7E8EB1A85DE3D008A1581 /* Frameworks */ = {
			isa = PBXFrameworksBuildPhase;
			buildActionMask = 2147483647;
			files = (
			);
			runOnlyForDeploymentPostprocessing = 0;
		};
		82A7E9071A85DE3E008A1581 /* Frameworks */ = {
			isa = PBXFrameworksBuildPhase;
			buildActionMask = 2147483647;
			files = (
			);
			runOnlyForDeploymentPostprocessing = 0;
		};
/* End PBXFrameworksBuildPhase section */

/* Begin PBXGroup section */
		82A7E8E51A85DE3D008A1581 = {
			isa = PBXGroup;
			children = (
				82A7E8F01A85DE3D008A1581 /* ScreenShop */,
				82A7E90D1A85DE3E008A1581 /* ScreenShopTests */,
				82A7E8EF1A85DE3D008A1581 /* Products */,
			);
			sourceTree = "<group>";
		};
		82A7E8EF1A85DE3D008A1581 /* Products */ = {
			isa = PBXGroup;
			children = (
				82A7E8EE1A85DE3D008A1581 /* ScreenShop.app */,
				82A7E90A1A85DE3E008A1581 /* ScreenShopTests.xctest */,
			);
			name = Products;
			sourceTree = "<group>";
		};
		82A7E8F01A85DE3D008A1581 /* ScreenShop */ = {
			isa = PBXGroup;
			children = (
				82A7E9551A869B91008A1581 /* Action Sheets */,
				82A7E8F51A85DE3D008A1581 /* AppDelegate.h */,
				82A7E8F61A85DE3D008A1581 /* AppDelegate.m */,
				82A7E8F81A85DE3D008A1581 /* MasterViewController.h */,
				82A7E8F91A85DE3D008A1581 /* MasterViewController.m */,
				82A7E9591A86ACD8008A1581 /* fade-iphone.png */,
				82A7E9241A86105D008A1581 /* unused */,
				82A7E8FE1A85DE3E008A1581 /* Main.storyboard */,
				82A7E9011A85DE3E008A1581 /* Images.xcassets */,
				82A7E91C1A85E716008A1581 /* photos */,
				82A7E9031A85DE3E008A1581 /* LaunchScreen.xib */,
				82A7E8F11A85DE3D008A1581 /* Supporting Files */,
			);
			path = ScreenShop;
			sourceTree = "<group>";
		};
		82A7E8F11A85DE3D008A1581 /* Supporting Files */ = {
			isa = PBXGroup;
			children = (
				82A7E8F21A85DE3D008A1581 /* Info.plist */,
				82A7E8F31A85DE3D008A1581 /* main.m */,
			);
			name = "Supporting Files";
			sourceTree = "<group>";
		};
		82A7E90D1A85DE3E008A1581 /* ScreenShopTests */ = {
			isa = PBXGroup;
			children = (
				82A7E9101A85DE3E008A1581 /* ScreenShopTests.m */,
				82A7E90E1A85DE3E008A1581 /* Supporting Files */,
			);
			path = ScreenShopTests;
			sourceTree = "<group>";
		};
		82A7E90E1A85DE3E008A1581 /* Supporting Files */ = {
			isa = PBXGroup;
			children = (
				82A7E90F1A85DE3E008A1581 /* Info.plist */,
			);
			name = "Supporting Files";
			sourceTree = "<group>";
		};
		82A7E91C1A85E716008A1581 /* photos */ = {
			isa = PBXGroup;
			children = (
				82A7E9651A86CCCD008A1581 /* shadow-06.png */,
				82A7E9631A86CCC7008A1581 /* screenshop_logo-05.png */,
				82A7E95B1A86CCBE008A1581 /* screenshop-01.png */,
				82A7E95C1A86CCBE008A1581 /* screenshop-02.png */,
				82A7E95D1A86CCBE008A1581 /* screenshop-03.png */,
				82A7E95E1A86CCBE008A1581 /* screenshop-04.png */,
				023F06B71A869E4C003C6A2A /* carrier_att.png */,
				023F06B81A869E4C003C6A2A /* carrier_bell.png */,
				023F06B91A869E4C003C6A2A /* carrier_boost.png */,
				023F06BA1A869E4C003C6A2A /* carrier_cia.png */,
				023F06BB1A869E4C003C6A2A /* carrier_metropcs.png */,
				023F06BC1A869E4C003C6A2A /* carrier_sprint.png */,
				023F06BD1A869E4C003C6A2A /* carrier_tmobile.png */,
				023F06BE1A869E4C003C6A2A /* carrier_verizon.png */,
				023F06AB1A86947D003C6A2A /* battery_full.png */,
				023F06AC1A86947D003C6A2A /* reception_1.png */,
				023F06AD1A86947D003C6A2A /* reception_2.png */,
				023F06AE1A86947D003C6A2A /* reception_3.png */,
				023F06AF1A86947D003C6A2A /* reception_4.png */,
				023F06B01A86947D003C6A2A /* reception_5.png */,
				82A7E91A1A85E70C008A1581 /* fakeiphonemessage.png */,
			);
			name = photos;
			sourceTree = "<group>";
		};
		82A7E9241A86105D008A1581 /* unused */ = {
			isa = PBXGroup;
			children = (
				82A7E91F1A85F638008A1581 /* ControlCollectionViewCell.h */,
				82A7E9201A85F638008A1581 /* ControlCollectionViewCell.m */,
				82A7E9211A85F638008A1581 /* ControlCollectionViewCell.xib */,
			);
			name = unused;
			sourceTree = "<group>";
		};
		82A7E9551A869B91008A1581 /* Action Sheets */ = {
			isa = PBXGroup;
			children = (
				82A7E9561A869BBA008A1581 /* DistancePickerView.h */,
				82A7E9571A869BBA008A1581 /* DistancePickerView.m */,
				82A7E9521A869B8B008A1581 /* SWActionSheet.h */,
				82A7E9531A869B8B008A1581 /* SWActionSheet.m */,
				82A7E93F1A869B7F008A1581 /* AbstractActionSheetPicker.h */,
				82A7E9401A869B7F008A1581 /* AbstractActionSheetPicker.m */,
				82A7E9411A869B7F008A1581 /* ActionSheetCustomPicker.h */,
				82A7E9421A869B7F008A1581 /* ActionSheetCustomPicker.m */,
				82A7E9431A869B7F008A1581 /* ActionSheetCustomPickerDelegate.h */,
				82A7E9441A869B7F008A1581 /* ActionSheetDatePicker.h */,
				82A7E9451A869B7F008A1581 /* ActionSheetDatePicker.m */,
				82A7E9461A869B7F008A1581 /* ActionSheetDistancePicker.h */,
				82A7E9471A869B7F008A1581 /* ActionSheetDistancePicker.m */,
				82A7E9481A869B7F008A1581 /* ActionSheetLocalePicker.h */,
				82A7E9491A869B7F008A1581 /* ActionSheetLocalePicker.m */,
				82A7E94A1A869B7F008A1581 /* ActionSheetStringPicker.h */,
				82A7E94B1A869B7F008A1581 /* ActionSheetStringPicker.m */,
			);
			name = "Action Sheets";
			sourceTree = "<group>";
		};
/* End PBXGroup section */

/* Begin PBXNativeTarget section */
		82A7E8ED1A85DE3D008A1581 /* ScreenShop */ = {
			isa = PBXNativeTarget;
			buildConfigurationList = 82A7E9141A85DE3E008A1581 /* Build configuration list for PBXNativeTarget "ScreenShop" */;
			buildPhases = (
				82A7E8EA1A85DE3D008A1581 /* Sources */,
				82A7E8EB1A85DE3D008A1581 /* Frameworks */,
				82A7E8EC1A85DE3D008A1581 /* Resources */,
			);
			buildRules = (
			);
			dependencies = (
			);
			name = ScreenShop;
			productName = ScreenShop;
			productReference = 82A7E8EE1A85DE3D008A1581 /* ScreenShop.app */;
			productType = "com.apple.product-type.application";
		};
		82A7E9091A85DE3E008A1581 /* ScreenShopTests */ = {
			isa = PBXNativeTarget;
			buildConfigurationList = 82A7E9171A85DE3E008A1581 /* Build configuration list for PBXNativeTarget "ScreenShopTests" */;
			buildPhases = (
				82A7E9061A85DE3E008A1581 /* Sources */,
				82A7E9071A85DE3E008A1581 /* Frameworks */,
				82A7E9081A85DE3E008A1581 /* Resources */,
			);
			buildRules = (
			);
			dependencies = (
				82A7E90C1A85DE3E008A1581 /* PBXTargetDependency */,
			);
			name = ScreenShopTests;
			productName = ScreenShopTests;
			productReference = 82A7E90A1A85DE3E008A1581 /* ScreenShopTests.xctest */;
			productType = "com.apple.product-type.bundle.unit-test";
		};
/* End PBXNativeTarget section */

/* Begin PBXProject section */
		82A7E8E61A85DE3D008A1581 /* Project object */ = {
			isa = PBXProject;
			attributes = {
				LastUpgradeCheck = 0610;
				ORGANIZATIONNAME = ScreenshopTeam;
				TargetAttributes = {
					82A7E8ED1A85DE3D008A1581 = {
						CreatedOnToolsVersion = 6.1;
					};
					82A7E9091A85DE3E008A1581 = {
						CreatedOnToolsVersion = 6.1;
						TestTargetID = 82A7E8ED1A85DE3D008A1581;
					};
				};
			};
			buildConfigurationList = 82A7E8E91A85DE3D008A1581 /* Build configuration list for PBXProject "ScreenShop" */;
			compatibilityVersion = "Xcode 3.2";
			developmentRegion = English;
			hasScannedForEncodings = 0;
			knownRegions = (
				en,
				Base,
			);
			mainGroup = 82A7E8E51A85DE3D008A1581;
			productRefGroup = 82A7E8EF1A85DE3D008A1581 /* Products */;
			projectDirPath = "";
			projectRoot = "";
			targets = (
				82A7E8ED1A85DE3D008A1581 /* ScreenShop */,
				82A7E9091A85DE3E008A1581 /* ScreenShopTests */,
			);
		};
/* End PBXProject section */

/* Begin PBXResourcesBuildPhase section */
		82A7E8EC1A85DE3D008A1581 /* Resources */ = {
			isa = PBXResourcesBuildPhase;
			buildActionMask = 2147483647;
			files = (
				023F06C11A869E4C003C6A2A /* carrier_boost.png in Resources */,
				023F06C21A869E4C003C6A2A /* carrier_cia.png in Resources */,
				82A7E9001A85DE3E008A1581 /* Main.storyboard in Resources */,
				82A7E9611A86CCBE008A1581 /* screenshop-03.png in Resources */,
				023F06B21A86947D003C6A2A /* reception_1.png in Resources */,
				82A7E95A1A86ACD8008A1581 /* fade-iphone.png in Resources */,
				0250F2B01A86C88200B92382 /* battery_empty.png in Resources */,
				023F06BF1A869E4C003C6A2A /* carrier_att.png in Resources */,
				82A7E9621A86CCBE008A1581 /* screenshop-04.png in Resources */,
				82A7E9641A86CCC7008A1581 /* screenshop_logo-05.png in Resources */,
				023F06C51A869E4C003C6A2A /* carrier_tmobile.png in Resources */,
				82A7E9601A86CCBE008A1581 /* screenshop-02.png in Resources */,
				82A7E95F1A86CCBE008A1581 /* screenshop-01.png in Resources */,
				023F06C61A869E4C003C6A2A /* carrier_verizon.png in Resources */,
				82A7E9051A85DE3E008A1581 /* LaunchScreen.xib in Resources */,
				82A7E9231A85F638008A1581 /* ControlCollectionViewCell.xib in Resources */,
				0250F2B81A86D63A00B92382 /* twitterNotification.png in Resources */,
				023F06C01A869E4C003C6A2A /* carrier_bell.png in Resources */,
				023F06B61A86947D003C6A2A /* reception_5.png in Resources */,
				023F06B31A86947D003C6A2A /* reception_2.png in Resources */,
				0250F2B71A86D63A00B92382 /* tinderNotification.png in Resources */,
				023F06B41A86947D003C6A2A /* reception_3.png in Resources */,
				82A7E9661A86CCCD008A1581 /* shadow-06.png in Resources */,
				023F06C31A869E4C003C6A2A /* carrier_metropcs.png in Resources */,
				023F06C41A869E4C003C6A2A /* carrier_sprint.png in Resources */,
				82A7E9021A85DE3E008A1581 /* Images.xcassets in Resources */,
				023F06B11A86947D003C6A2A /* battery_full.png in Resources */,
				023F06B51A86947D003C6A2A /* reception_4.png in Resources */,
				0250F2B61A86D63A00B92382 /* okcNotification.png in Resources */,
				82A7E91B1A85E70C008A1581 /* fakeiphonemessage.png in Resources */,
				0250F2B51A86D63A00B92382 /* gmailNotification.png in Resources */,
			);
			runOnlyForDeploymentPostprocessing = 0;
		};
		82A7E9081A85DE3E008A1581 /* Resources */ = {
			isa = PBXResourcesBuildPhase;
			buildActionMask = 2147483647;
			files = (
			);
			runOnlyForDeploymentPostprocessing = 0;
		};
/* End PBXResourcesBuildPhase section */

/* Begin PBXSourcesBuildPhase section */
		82A7E8EA1A85DE3D008A1581 /* Sources */ = {
			isa = PBXSourcesBuildPhase;
			buildActionMask = 2147483647;
			files = (
				82A7E8F71A85DE3D008A1581 /* AppDelegate.m in Sources */,
				82A7E94C1A869B7F008A1581 /* AbstractActionSheetPicker.m in Sources */,
				82A7E9541A869B8B008A1581 /* SWActionSheet.m in Sources */,
				82A7E9581A869BBA008A1581 /* DistancePickerView.m in Sources */,
				82A7E94D1A869B7F008A1581 /* ActionSheetCustomPicker.m in Sources */,
				82A7E8FA1A85DE3D008A1581 /* MasterViewController.m in Sources */,
				82A7E9221A85F638008A1581 /* ControlCollectionViewCell.m in Sources */,
				82A7E8F41A85DE3D008A1581 /* main.m in Sources */,
				82A7E9511A869B7F008A1581 /* ActionSheetStringPicker.m in Sources */,
				82A7E9501A869B7F008A1581 /* ActionSheetLocalePicker.m in Sources */,
				82A7E94F1A869B7F008A1581 /* ActionSheetDistancePicker.m in Sources */,
				82A7E94E1A869B7F008A1581 /* ActionSheetDatePicker.m in Sources */,
			);
			runOnlyForDeploymentPostprocessing = 0;
		};
		82A7E9061A85DE3E008A1581 /* Sources */ = {
			isa = PBXSourcesBuildPhase;
			buildActionMask = 2147483647;
			files = (
				82A7E9111A85DE3E008A1581 /* ScreenShopTests.m in Sources */,
			);
			runOnlyForDeploymentPostprocessing = 0;
		};
/* End PBXSourcesBuildPhase section */

/* Begin PBXTargetDependency section */
		82A7E90C1A85DE3E008A1581 /* PBXTargetDependency */ = {
			isa = PBXTargetDependency;
			target = 82A7E8ED1A85DE3D008A1581 /* ScreenShop */;
			targetProxy = 82A7E90B1A85DE3E008A1581 /* PBXContainerItemProxy */;
		};
/* End PBXTargetDependency section */

/* Begin PBXVariantGroup section */
		82A7E8FE1A85DE3E008A1581 /* Main.storyboard */ = {
			isa = PBXVariantGroup;
			children = (
				82A7E8FF1A85DE3E008A1581 /* Base */,
			);
			name = Main.storyboard;
			sourceTree = "<group>";
		};
		82A7E9031A85DE3E008A1581 /* LaunchScreen.xib */ = {
			isa = PBXVariantGroup;
			children = (
				82A7E9041A85DE3E008A1581 /* Base */,
			);
			name = LaunchScreen.xib;
			sourceTree = "<group>";
		};
/* End PBXVariantGroup section */

/* Begin XCBuildConfiguration section */
		82A7E9121A85DE3E008A1581 /* Debug */ = {
			isa = XCBuildConfiguration;
			buildSettings = {
				ALWAYS_SEARCH_USER_PATHS = NO;
				CLANG_CXX_LANGUAGE_STANDARD = "gnu++0x";
				CLANG_CXX_LIBRARY = "libc++";
				CLANG_ENABLE_MODULES = YES;
				CLANG_ENABLE_OBJC_ARC = YES;
				CLANG_WARN_BOOL_CONVERSION = YES;
				CLANG_WARN_CONSTANT_CONVERSION = YES;
				CLANG_WARN_DIRECT_OBJC_ISA_USAGE = YES_ERROR;
				CLANG_WARN_EMPTY_BODY = YES;
				CLANG_WARN_ENUM_CONVERSION = YES;
				CLANG_WARN_INT_CONVERSION = YES;
				CLANG_WARN_OBJC_ROOT_CLASS = YES_ERROR;
				CLANG_WARN_UNREACHABLE_CODE = YES;
				CLANG_WARN__DUPLICATE_METHOD_MATCH = YES;
				"CODE_SIGN_IDENTITY[sdk=iphoneos*]" = "iPhone Developer";
				COPY_PHASE_STRIP = NO;
				ENABLE_STRICT_OBJC_MSGSEND = YES;
				GCC_C_LANGUAGE_STANDARD = gnu99;
				GCC_DYNAMIC_NO_PIC = NO;
				GCC_OPTIMIZATION_LEVEL = 0;
				GCC_PREPROCESSOR_DEFINITIONS = (
					"DEBUG=1",
					"$(inherited)",
				);
				GCC_SYMBOLS_PRIVATE_EXTERN = NO;
				GCC_WARN_64_TO_32_BIT_CONVERSION = YES;
				GCC_WARN_ABOUT_RETURN_TYPE = YES_ERROR;
				GCC_WARN_UNDECLARED_SELECTOR = YES;
				GCC_WARN_UNINITIALIZED_AUTOS = YES_AGGRESSIVE;
				GCC_WARN_UNUSED_FUNCTION = YES;
				GCC_WARN_UNUSED_VARIABLE = YES;
				IPHONEOS_DEPLOYMENT_TARGET = 8.1;
				MTL_ENABLE_DEBUG_INFO = YES;
				ONLY_ACTIVE_ARCH = YES;
				SDKROOT = iphoneos;
			};
			name = Debug;
		};
		82A7E9131A85DE3E008A1581 /* Release */ = {
			isa = XCBuildConfiguration;
			buildSettings = {
				ALWAYS_SEARCH_USER_PATHS = NO;
				CLANG_CXX_LANGUAGE_STANDARD = "gnu++0x";
				CLANG_CXX_LIBRARY = "libc++";
				CLANG_ENABLE_MODULES = YES;
				CLANG_ENABLE_OBJC_ARC = YES;
				CLANG_WARN_BOOL_CONVERSION = YES;
				CLANG_WARN_CONSTANT_CONVERSION = YES;
				CLANG_WARN_DIRECT_OBJC_ISA_USAGE = YES_ERROR;
				CLANG_WARN_EMPTY_BODY = YES;
				CLANG_WARN_ENUM_CONVERSION = YES;
				CLANG_WARN_INT_CONVERSION = YES;
				CLANG_WARN_OBJC_ROOT_CLASS = YES_ERROR;
				CLANG_WARN_UNREACHABLE_CODE = YES;
				CLANG_WARN__DUPLICATE_METHOD_MATCH = YES;
				"CODE_SIGN_IDENTITY[sdk=iphoneos*]" = "iPhone Developer";
				COPY_PHASE_STRIP = YES;
				ENABLE_NS_ASSERTIONS = NO;
				ENABLE_STRICT_OBJC_MSGSEND = YES;
				GCC_C_LANGUAGE_STANDARD = gnu99;
				GCC_WARN_64_TO_32_BIT_CONVERSION = YES;
				GCC_WARN_ABOUT_RETURN_TYPE = YES_ERROR;
				GCC_WARN_UNDECLARED_SELECTOR = YES;
				GCC_WARN_UNINITIALIZED_AUTOS = YES_AGGRESSIVE;
				GCC_WARN_UNUSED_FUNCTION = YES;
				GCC_WARN_UNUSED_VARIABLE = YES;
				IPHONEOS_DEPLOYMENT_TARGET = 8.1;
				MTL_ENABLE_DEBUG_INFO = NO;
				SDKROOT = iphoneos;
				VALIDATE_PRODUCT = YES;
			};
			name = Release;
		};
		82A7E9151A85DE3E008A1581 /* Debug */ = {
			isa = XCBuildConfiguration;
			buildSettings = {
				ASSETCATALOG_COMPILER_APPICON_NAME = AppIcon;
				INFOPLIST_FILE = ScreenShop/Info.plist;
				LD_RUNPATH_SEARCH_PATHS = "$(inherited) @executable_path/Frameworks";
				PRODUCT_NAME = "$(TARGET_NAME)";
			};
			name = Debug;
		};
		82A7E9161A85DE3E008A1581 /* Release */ = {
			isa = XCBuildConfiguration;
			buildSettings = {
				ASSETCATALOG_COMPILER_APPICON_NAME = AppIcon;
				INFOPLIST_FILE = ScreenShop/Info.plist;
				LD_RUNPATH_SEARCH_PATHS = "$(inherited) @executable_path/Frameworks";
				PRODUCT_NAME = "$(TARGET_NAME)";
			};
			name = Release;
		};
		82A7E9181A85DE3E008A1581 /* Debug */ = {
			isa = XCBuildConfiguration;
			buildSettings = {
				BUNDLE_LOADER = "$(TEST_HOST)";
				FRAMEWORK_SEARCH_PATHS = (
					"$(SDKROOT)/Developer/Library/Frameworks",
					"$(inherited)",
				);
				GCC_PREPROCESSOR_DEFINITIONS = (
					"DEBUG=1",
					"$(inherited)",
				);
				INFOPLIST_FILE = ScreenShopTests/Info.plist;
				LD_RUNPATH_SEARCH_PATHS = "$(inherited) @executable_path/Frameworks @loader_path/Frameworks";
				PRODUCT_NAME = "$(TARGET_NAME)";
				TEST_HOST = "$(BUILT_PRODUCTS_DIR)/ScreenShop.app/ScreenShop";
			};
			name = Debug;
		};
		82A7E9191A85DE3E008A1581 /* Release */ = {
			isa = XCBuildConfiguration;
			buildSettings = {
				BUNDLE_LOADER = "$(TEST_HOST)";
				FRAMEWORK_SEARCH_PATHS = (
					"$(SDKROOT)/Developer/Library/Frameworks",
					"$(inherited)",
				);
				INFOPLIST_FILE = ScreenShopTests/Info.plist;
				LD_RUNPATH_SEARCH_PATHS = "$(inherited) @executable_path/Frameworks @loader_path/Frameworks";
				PRODUCT_NAME = "$(TARGET_NAME)";
				TEST_HOST = "$(BUILT_PRODUCTS_DIR)/ScreenShop.app/ScreenShop";
			};
			name = Release;
		};
/* End XCBuildConfiguration section */

/* Begin XCConfigurationList section */
		82A7E8E91A85DE3D008A1581 /* Build configuration list for PBXProject "ScreenShop" */ = {
			isa = XCConfigurationList;
			buildConfigurations = (
				82A7E9121A85DE3E008A1581 /* Debug */,
				82A7E9131A85DE3E008A1581 /* Release */,
			);
			defaultConfigurationIsVisible = 0;
			defaultConfigurationName = Release;
		};
		82A7E9141A85DE3E008A1581 /* Build configuration list for PBXNativeTarget "ScreenShop" */ = {
			isa = XCConfigurationList;
			buildConfigurations = (
				82A7E9151A85DE3E008A1581 /* Debug */,
				82A7E9161A85DE3E008A1581 /* Release */,
			);
			defaultConfigurationIsVisible = 0;
			defaultConfigurationName = Release;
		};
		82A7E9171A85DE3E008A1581 /* Build configuration list for PBXNativeTarget "ScreenShopTests" */ = {
			isa = XCConfigurationList;
			buildConfigurations = (
				82A7E9181A85DE3E008A1581 /* Debug */,
				82A7E9191A85DE3E008A1581 /* Release */,
			);
			defaultConfigurationIsVisible = 0;
			defaultConfigurationName = Release;
		};
/* End XCConfigurationList section */
	};
	rootObject = 82A7E8E61A85DE3D008A1581 /* Project object */;
}
